
Microsoft Visual Studio Solution File, Format Version 12.00
# Visual Studio Version 16
VisualStudioVersion = 16.0.30907.101
MinimumVisualStudioVersion = 10.0.40219.1
Project("{2150E333-8FDC-42A3-9474-1A3956D46DE8}") = "Microservices", "Microservices", "{9B529EE4-CD36-46B6-A0E9-6B81F586180F}"
EndProject
Project("{2150E333-8FDC-42A3-9474-1A3956D46DE8}") = "Domain", "Domain", "{74EADB94-C8CE-4484-BB6E-0DB979F748EA}"
EndProject
Project("{2150E333-8FDC-42A3-9474-1A3956D46DE8}") = "Infra.Bus", "Infra.Bus", "{90A7FFBB-6BA0-49E4-8AC9-A98EA5657EC6}"
EndProject
Project("{2150E333-8FDC-42A3-9474-1A3956D46DE8}") = "Infra.IoC", "Infra.IoC", "{20281110-E97C-46FC-BFB0-4D56DBE20259}"
EndProject
Project("{2150E333-8FDC-42A3-9474-1A3956D46DE8}") = "Presentation", "Presentation", "{4209D042-D867-4C94-B5D3-F1B3BDDF91B1}"
EndProject
Project("{FAE04EC0-301F-11D3-BF4B-00C04F79EFBC}") = "MicroRabbit.Domain.Core", "MicroRabbit.Domain.Core\MicroRabbit.Domain.Core.csproj", "{FCB8C082-E3CE-4374-BB8E-136C3A21868C}"
EndProject
Project("{FAE04EC0-301F-11D3-BF4B-00C04F79EFBC}") = "MicroRabbit.Infra.Bus", "MicroRabbit.Infra.Bus\MicroRabbit.Infra.Bus.csproj", "{1ABCDB66-E17F-443C-B4DB-26FF94FD2389}"
EndProject
Project("{FAE04EC0-301F-11D3-BF4B-00C04F79EFBC}") = "MicroRabbit.Infra.IoC", "MicroRabbit.Infra.IoC\MicroRabbit.Infra.IoC.csproj", "{3A30CC82-00AA-4C72-8350-2950A9C6E81F}"
EndProject
Global
	GlobalSection(SolutionConfigurationPlatforms) = preSolution
		Debug|Any CPU = Debug|Any CPU
		Release|Any CPU = Release|Any CPU
	EndGlobalSection
	GlobalSection(ProjectConfigurationPlatforms) = postSolution
		{FCB8C082-E3CE-4374-BB8E-136C3A21868C}.Debug|Any CPU.ActiveCfg = Debug|Any CPU
		{FCB8C082-E3CE-4374-BB8E-136C3A21868C}.Debug|Any CPU.Build.0 = Debug|Any CPU
		{FCB8C082-E3CE-4374-BB8E-136C3A21868C}.Release|Any CPU.ActiveCfg = Release|Any CPU
		{FCB8C082-E3CE-4374-BB8E-136C3A21868C}.Release|Any CPU.Build.0 = Release|Any CPU
		{1ABCDB66-E17F-443C-B4DB-26FF94FD2389}.Debug|Any CPU.ActiveCfg = Debug|Any CPU
		{1ABCDB66-E17F-443C-B4DB-26FF94FD2389}.Debug|Any CPU.Build.0 = Debug|Any CPU
		{1ABCDB66-E17F-443C-B4DB-26FF94FD2389}.Release|Any CPU.ActiveCfg = Release|Any CPU
		{1ABCDB66-E17F-443C-B4DB-26FF94FD2389}.Release|Any CPU.Build.0 = Release|Any CPU
		{3A30CC82-00AA-4C72-8350-2950A9C6E81F}.Debug|Any CPU.ActiveCfg = Debug|Any CPU
		{3A30CC82-00AA-4C72-8350-2950A9C6E81F}.Debug|Any CPU.Build.0 = Debug|Any CPU
		{3A30CC82-00AA-4C72-8350-2950A9C6E81F}.Release|Any CPU.ActiveCfg = Release|Any CPU
		{3A30CC82-00AA-4C72-8350-2950A9C6E81F}.Release|Any CPU.Build.0 = Release|Any CPU
	EndGlobalSection
	GlobalSection(SolutionProperties) = preSolution
		HideSolutionNode = FALSE
	EndGlobalSection
	GlobalSection(NestedProjects) = preSolution
		{FCB8C082-E3CE-4374-BB8E-136C3A21868C} = {74EADB94-C8CE-4484-BB6E-0DB979F748EA}
		{1ABCDB66-E17F-443C-B4DB-26FF94FD2389} = {90A7FFBB-6BA0-49E4-8AC9-A98EA5657EC6}
		{3A30CC82-00AA-4C72-8350-2950A9C6E81F} = {20281110-E97C-46FC-BFB0-4D56DBE20259}
	EndGlobalSection
	GlobalSection(ExtensibilityGlobals) = postSolution
		SolutionGuid = {80599CD8-8069-4DCD-BCE8-8523F497BC9E}
	EndGlobalSection
EndGlobal
